hash: 8d3d2440794e89a62595cce3a9c3d8494439db24256d1f42b2063b2aa3eda1a7
updated: 2016-11-28T03:29:39.676370763Z
imports:
- name: github.com/andybalholm/cascadia
  version: 65919c611220063037b1db8eb334acaf17a6d8ea
  repo: https://github.com/andybalholm/cascadia
- name: github.com/axgle/mahonia
  version: c528b747d92d41ca581a7acf3e604c396fc7c034
- name: github.com/PuerkitoBio/goquery
  version: 152b1a2c8f5d0340f658bb656032a39b94e52958
  repo: https://github.com/PuerkitoBio/goquery
- name: github.com/Sirupsen/logrus
  version: 3ec0642a7fb6488f65b06f9040adc67e3990296a
  repo: https://github.com/Sirupsen/logrus
- name: github.com/Techdevt/rss
  version: a160f3005ef3ed959b79a3fb52c9e61ee6453e3c
- name: golang.org/x/net
  version: 3bafa3320efdf0c95d056586aa9abdd05ad72ee1
  repo: https://go.googlesource.com/net
  subpackages:
  - html
  - html/atom
- name: golang.org/x/sys
  version: 002cbb5f952456d0c50e0d2aff17ea5eca716979
  repo: https://go.googlesource.com/sys
  subpackages:
  - unix
- name: gopkg.in/mgo.v2
  version: 3f83fa5005286a7fe593b055f0d7771a7dce4655
  subpackages:
  - bson
  - internal/json
  - internal/sasl
  - internal/scram
testImports: []
