hash: 6d6bf777b5318918a743a9d3a5456498b9aa51cd01cc032016494eb7f4842530
updated: 2017-01-13T05:00:49.788084835Z
imports:
- name: bitbucket.org/fanky5g/labadipost
  version: c9af6027a036f3ebaff5366bf6b660132063a203
  repo: git@bitbucket.org:fanky5g/labadipost.git
  vcs: git
  subpackages:
  - labadipics
- name: github.com/certifi/gocertifi
  version: a61bf5eafa3aee233ec8043e9da052447e5463dd
- name: github.com/codegangsta/cli
  version: 8ef3805c9de2519805c3f060524b695bba2cd715
- name: github.com/disintegration/imaging
  version: 243d2d8673c1225a6afceeb9b3b4423d485dc8df
- name: github.com/franela/goreq
  version: fc08df6ca2d4a0d1a5ae24739aa268863943e723
- name: github.com/fsnotify/fsnotify
  version: fd9ec7deca8bf46ecd2a795baaacf2b3a9be1197
- name: github.com/garyburd/redigo
  version: 8873b2f1995f59d4bcdd2b0dc9858e2cb9bf0c13
  subpackages:
  - internal
  - redis
- name: github.com/getsentry/raven-go
  version: 3f7439d3e74d88e21d196ba20eb61a5a958bc118
- name: github.com/gin-gonic/contrib
  version: 746a31b22035d6a2fdbe66f31715fafce413900d
  subpackages:
  - cors
  - sentry
- name: github.com/gin-gonic/gin
  version: e2212d40c62a98b388a5eb48ecbdcf88534688ba
  subpackages:
  - binding
  - render
- name: github.com/golang/protobuf
  version: 2402d76f3d41f928c7902a765dfc872356dd3aad
  subpackages:
  - proto
- name: github.com/hashicorp/hcl
  version: eb6f65b2d77ed5078887f960ff570fbddbbeb49d
  subpackages:
  - hcl/ast
  - hcl/parser
  - hcl/scanner
  - hcl/strconv
  - hcl/token
  - json/parser
  - json/scanner
  - json/token
- name: github.com/imdario/mergo
  version: 50d4dbd4eb0e84778abe37cefef140271d96fade
- name: github.com/magiconair/properties
  version: 00ec919ecb56326853e2c1eee377fa324bc23a79
- name: github.com/manucorporat/sse
  version: ee05b128a739a0fb76c7ebd3ae4810c1de808d6d
- name: github.com/mattn/go-isatty
  version: 30a891c33c7cde7b02a981314b4228ec99380cca
- name: github.com/mholt/binding
  version: da15bc6a25d54500d6d19bf8bcdea7efde27bf0c
- name: github.com/mitchellh/goamz
  version: caaaea8b30ee15616494ee68abd5d8ebbbef05cf
  subpackages:
  - aws
  - s3
- name: github.com/mitchellh/mapstructure
  version: bfdb1a85537d60bc7e954e600c250219ea497417
- name: github.com/pelletier/go-buffruneio
  version: df1e16fde7fc330a0ca68167c23bf7ed6ac31d6d
- name: github.com/pelletier/go-toml
  version: 439fbba1f887c286024370cb4f281ba815c4c7d7
- name: github.com/rubenfonseca/fastimage
  version: 7e006a27a95babf4d41ca61e8c43df92ca3ff873
- name: github.com/Sirupsen/logrus
  version: 61e43dc76f7ee59a82bdf3d71033dc12bea4c77d
- name: github.com/spf13/afero
  version: 72b31426848c6ef12a7a8e216708cb0d1530f074
  subpackages:
  - mem
- name: github.com/spf13/cast
  version: 56a7ecbeb18dde53c6db4bd96b541fd9741b8d44
- name: github.com/spf13/jwalterweatherman
  version: fa7ca7e836cf3a8bb4ebf799f472c12d7e903d66
- name: github.com/spf13/pflag
  version: 25f8b5b07aece3207895bf19f7ab517eb3b22a40
- name: github.com/spf13/viper
  version: 5ed0fc31f7f453625df314d8e66b9791e8d13003
- name: github.com/thoas/gokvstores
  version: ae1105ba099c89f31af38c658ab6e64f1fc50e62
- name: github.com/thoas/gostorages
  version: a317cd92817f61f096795de54a1e1a7d8f2d6912
- name: github.com/thoas/stats
  version: 152b5d051953fdb6e45f14b6826962aadc032324
- name: github.com/vaughan0/go-ini
  version: a98ad7ee00ec53921f08832bc06ecf7fd600e6a1
- name: golang.org/x/image
  version: 1ff62c92167a10494f3e0b1e77cb67860a6ac43a
  subpackages:
  - bmp
  - tiff
  - tiff/lzw
- name: golang.org/x/net
  version: f315505cf3349909cdf013ea56690da34e96a451
  subpackages:
  - context
- name: golang.org/x/sys
  version: d75a52659825e75fff6158388dddc6a5b04f9ba5
  subpackages:
  - unix
- name: golang.org/x/text
  version: 44f4f658a783b0cee41fe0a23b8fc91d9c120558
  subpackages:
  - transform
  - unicode/norm
- name: gopkg.in/go-playground/validator.v8
  version: c193cecd124b5cc722d7ee5538e945bdb3348435
- name: gopkg.in/yaml.v2
  version: a5b47d31c556af34a302ce5d659e6fea44d90de0
testImports:
- name: github.com/davecgh/go-spew
  version: 5215b55f46b2b919f50a1df0eaa5886afe4e3b3d
  subpackages:
  - spew
- name: github.com/pmezard/go-difflib
  version: 792786c7400a136282c1664665ae0a8db921c6c2
  subpackages:
  - difflib
- name: github.com/stretchr/testify
  version: 2402e8e7a02fc811447d11f881aa9746cdc57983
  subpackages:
  - assert
