hash: ddeac3a6a88aa2639a183a7e9c628e9d98bccdee60e07bb83d22f155a859eccd
updated: 2016-12-12T02:47:55.580359284Z
imports:
- name: bitbucket.org/fanky5g/labadipost
  version: c54fb333b48224bcc1950afbc7d0f8aa339d89b2
  repo: git@bitbucket.org:fanky5g/labadipost.git
  vcs: git
  subpackages:
  - labadicommon
- name: github.com/andybalholm/cascadia
  version: 65919c611220063037b1db8eb334acaf17a6d8ea
- name: github.com/asaskevich/govalidator
  version: 7b3beb6df3c42abd3509abfc3bcacc0fbfb7c877
- name: github.com/axgle/mahonia
  version: c528b747d92d41ca581a7acf3e604c396fc7c034
- name: github.com/garyburd/redigo
  version: 8873b2f1995f59d4bcdd2b0dc9858e2cb9bf0c13
  subpackages:
  - internal
  - redis
- name: github.com/PuerkitoBio/goquery
  version: 152b1a2c8f5d0340f658bb656032a39b94e52958
- name: github.com/Sirupsen/logrus
  version: 881bee4e20a5d11a6a88a5667c6f292072ac1963
- name: github.com/streadway/amqp
  version: cb4fb930736ebd61a54da180a6aa4e92b206ff13
- name: github.com/tealeg/xlsx
  version: a8490cf686defe538b45b05af838d9eeb7d8fe64
  repo: git@github.com:tealeg/xlsx.git
  vcs: git
- name: github.com/Techdevt/rss
  version: ae8953acae36a7d9fe6352d971861c921498ca97
- name: golang.org/x/net
  version: b1a2d6e8c8b5fc8f601ead62536f02a8e1b6217d
  subpackages:
  - html
  - html/atom
- name: golang.org/x/sys
  version: 478fcf54317e52ab69f40bb4c7a1520288d7f7ea
  subpackages:
  - unix
- name: gopkg.in/mgo.v2
  version: 3f83fa5005286a7fe593b055f0d7771a7dce4655
  subpackages:
  - bson
  - internal/json
  - internal/sasl
  - internal/scram
testImports: []
