hash: 91c5f180177ffa1b214d7640f5b3e9edefd11d75559c7533d5a4d086128fd6b2
updated: 2016-11-28T22:44:04.777367874Z
imports:
- name: bitbucket.org/fanky5g/labadipost
  version: 1010ee7fdb9fd2257eb40b75427ab2eed6c6901c
  repo: git@bitbucket.org:fanky5g/labadipost.git
  vcs: git
  subpackages:
  - labadicommon
- name: github.com/andybalholm/cascadia
  version: 65919c611220063037b1db8eb334acaf17a6d8ea
- name: github.com/asaskevich/govalidator
  version: 7b3beb6df3c42abd3509abfc3bcacc0fbfb7c877
- name: github.com/axgle/mahonia
  version: c528b747d92d41ca581a7acf3e604c396fc7c034
- name: github.com/garyburd/redigo
  version: 8873b2f1995f59d4bcdd2b0dc9858e2cb9bf0c13
  subpackages:
  - internal
  - redis
- name: github.com/PuerkitoBio/goquery
  version: 152b1a2c8f5d0340f658bb656032a39b94e52958
- name: github.com/Sirupsen/logrus
  version: a437dfd2463eaedbec3dfe443e477d3b0a810b3f
- name: github.com/streadway/amqp
  version: 1b8853833a94be8ba57fd121a8651f7221e5b051
- name: github.com/tealeg/xlsx
  version: a8490cf686defe538b45b05af838d9eeb7d8fe64
  repo: git@github.com:tealeg/xlsx.git
  vcs: git
- name: github.com/Techdevt/rss
  version: 9f69dbd11bfe53a8e03d178546d66d3485941c62
- name: golang.org/x/net
  version: 4971afdc2f162e82d185353533d3cf16188a9f4e
  subpackages:
  - html
  - html/atom
- name: golang.org/x/sys
  version: 30237cf4eefd639b184d1f2cb77a581ea0be8947
  subpackages:
  - unix
- name: gopkg.in/mgo.v2
  version: 3f83fa5005286a7fe593b055f0d7771a7dce4655
  subpackages:
  - bson
  - internal/json
  - internal/sasl
  - internal/scram
testImports: []
